
Microsoft Visual Studio Solution File, Format Version 12.00
# Visual Studio Version 16
VisualStudioVersion = 16.0.29709.97
MinimumVisualStudioVersion = 10.0.40219.1
Project("{FAE04EC0-301F-11D3-BF4B-00C04F79EFBC}") = "My_First_GIT_Project", "My_First_GIT_Project.csproj", "{A8E6C45A-55C6-44C7-82C7-4F759E811519}"
EndProject
Global
	GlobalSection(SolutionConfigurationPlatforms) = preSolution
		Debug|Any CPU = Debug|Any CPU
		Release|Any CPU = Release|Any CPU
	EndGlobalSection
	GlobalSection(ProjectConfigurationPlatforms) = postSolution
		{A8E6C45A-55C6-44C7-82C7-4F759E811519}.Debug|Any CPU.ActiveCfg = Debug|Any CPU
		{A8E6C45A-55C6-44C7-82C7-4F759E811519}.Debug|Any CPU.Build.0 = Debug|Any CPU
		{A8E6C45A-55C6-44C7-82C7-4F759E811519}.Release|Any CPU.ActiveCfg = Release|Any CPU
		{A8E6C45A-55C6-44C7-82C7-4F759E811519}.Release|Any CPU.Build.0 = Release|Any CPU
	EndGlobalSection
	GlobalSection(SolutionProperties) = preSolution
		HideSolutionNode = FALSE
	EndGlobalSection
	GlobalSection(ExtensibilityGlobals) = postSolution
		SolutionGuid = {6E06584F-DABD-49B6-AB7B-B2E2BA084AB0}
	EndGlobalSection
EndGlobal
